{
  "nodes": {
    "gen": {
      "locked": {
        "lastModified": 1779298945,
        "narHash": "sha256-zAUTOrVhtMIY69QVTpSyj6/S/qdLzNf3CRmG8vWZh7c=",
        "owner": "sini",
        "repo": "gen",
        "rev": "193ca974e1b9488734a55cefd35dd155050f9062",
        "type": "github"
      },
      "original": {
        "owner": "sini",
        "repo": "gen",
        "type": "github"
      }
    },
    "nixpkgs": {
      "locked": {
        "lastModified": 1778869304,
        "narHash": "sha256-30sZNZoA1cqF5JNO9fVX+wgiQYjB7HJqqJ4ztCDeBZE=",
        "owner": "NixOS",
        "repo": "nixpkgs",
        "rev": "d233902339c02a9c334e7e593de68855ad26c4cb",
        "type": "github"
      },
      "original": {
        "owner": "NixOS",
        "ref": "nixos-unstable",
        "repo": "nixpkgs",
        "type": "github"
      }
    },
    "root": {
      "inputs": {
        "gen": "gen",
        "nixpkgs": "nixpkgs"
      }
    }
  },
  "root": "root",
  "version": 7
}
