{
  "nodes": {
    "gen-algebra": {
      "locked": {
        "lastModified": 1790896114,
        "narHash": "sha256-D2Uz2u45j2D2WN3525Mz+6UGblj37S6c5Lqbd7MoJ6g=",
        "owner": "sini",
        "repo": "gen-algebra",
        "rev": "052c3ea9627b56cb84cf2eff41b20d0ed0002f0c",
        "type": "github"
      },
      "original": {
        "owner": "sini",
        "repo": "gen-algebra",
        "type": "github"
      }
    },
    "gen-graph": {
      "inputs": {
        "gen-prelude": [
          "gen-prelude"
        ]
      },
      "locked": {
        "lastModified": 1790876216,
        "narHash": "sha256-PLw0RB5VPfqQE0nqJunKu5pdZzweB+JXYJ84TIopjKU=",
        "owner": "sini",
        "repo": "gen-graph",
        "rev": "097332604fffb39e0f69caf025575ef652961b85",
        "type": "github"
      },
      "original": {
        "owner": "sini",
        "repo": "gen-graph",
        "type": "github"
      }
    },
    "gen-graph_2": {
      "inputs": {
        "gen-prelude": "gen-prelude"
      },
      "locked": {
        "lastModified": 1790876216,
        "narHash": "sha256-PLw0RB5VPfqQE0nqJunKu5pdZzweB+JXYJ84TIopjKU=",
        "owner": "sini",
        "repo": "gen-graph",
        "rev": "097332604fffb39e0f69caf025575ef652961b85",
        "type": "github"
      },
      "original": {
        "owner": "sini",
        "repo": "gen-graph",
        "type": "github"
      }
    },
    "gen-graph_3": {
      "inputs": {
        "gen-prelude": "gen-prelude_4"
      },
      "locked": {
        "lastModified": 1790876216,
        "narHash": "sha256-PLw0RB5VPfqQE0nqJunKu5pdZzweB+JXYJ84TIopjKU=",
        "owner": "sini",
        "repo": "gen-graph",
        "rev": "097332604fffb39e0f69caf025575ef652961b85",
        "type": "github"
      },
      "original": {
        "owner": "sini",
        "repo": "gen-graph",
        "type": "github"
      }
    },
    "gen-identity": {
      "locked": {
        "lastModified": 1790874429,
        "narHash": "sha256-HZk30kwgi11mxXL/bJu4aE0bAEyp64pnp0VOJ7s3KJs=",
        "owner": "sini",
        "repo": "gen-identity",
        "rev": "85f4f565bb323bf06eb664bb81d8c5e39485fced",
        "type": "github"
      },
      "original": {
        "owner": "sini",
        "repo": "gen-identity",
        "type": "github"
      }
    },
    "gen-identity_2": {
      "locked": {
        "lastModified": 1790874429,
        "narHash": "sha256-HZk30kwgi11mxXL/bJu4aE0bAEyp64pnp0VOJ7s3KJs=",
        "owner": "sini",
        "repo": "gen-identity",
        "rev": "85f4f565bb323bf06eb664bb81d8c5e39485fced",
        "type": "github"
      },
      "original": {
        "owner": "sini",
        "repo": "gen-identity",
        "type": "github"
      }
    },
    "gen-identity_3": {
      "locked": {
        "lastModified": 1790874429,
        "narHash": "sha256-HZk30kwgi11mxXL/bJu4aE0bAEyp64pnp0VOJ7s3KJs=",
        "owner": "sini",
        "repo": "gen-identity",
        "rev": "85f4f565bb323bf06eb664bb81d8c5e39485fced",
        "type": "github"
      },
      "original": {
        "owner": "sini",
        "repo": "gen-identity",
        "type": "github"
      }
    },
    "gen-memo": {
      "inputs": {
        "gen-graph": "gen-graph_2",
        "gen-prelude": "gen-prelude_2"
      },
      "locked": {
        "lastModified": 1790876375,
        "narHash": "sha256-F3Lx06ooZ7kei5CW/J5jJMDO/KUCH8ThzW+Ax5c/zBA=",
        "owner": "sini",
        "repo": "gen-memo",
        "rev": "058886d1bcbb1c6b6fd874887cc29992d7a33c60",
        "type": "github"
      },
      "original": {
        "owner": "sini",
        "repo": "gen-memo",
        "type": "github"
      }
    },
    "gen-merge": {
      "inputs": {
        "gen-memo": "gen-memo",
        "gen-prelude": "gen-prelude_3",
        "gen-scope": "gen-scope",
        "gen-types": "gen-types"
      },
      "locked": {
        "lastModified": 1790894825,
        "narHash": "sha256-QA7RU6lSQGkodTA+EY15SGovfHY/rJImd88z9ZNJYik=",
        "owner": "sini",
        "repo": "gen-merge",
        "rev": "28aa2377e035756e23c7e29dc49993766a949327",
        "type": "github"
      },
      "original": {
        "owner": "sini",
        "repo": "gen-merge",
        "type": "github"
      }
    },
    "gen-prelude": {
      "locked": {
        "lastModified": 1790876123,
        "narHash": "sha256-6GsXeEFBysyDEkt/zRmzFoks27T8PYp0stCAtyqutgA=",
        "owner": "sini",
        "repo": "gen-prelude",
        "rev": "8c2879d4476b92e6b32b5ac090a608f2cfca4244",
        "type": "github"
      },
      "original": {
        "owner": "sini",
        "repo": "gen-prelude",
        "type": "github"
      }
    },
    "gen-prelude_2": {
      "locked": {
        "lastModified": 1790876123,
        "narHash": "sha256-6GsXeEFBysyDEkt/zRmzFoks27T8PYp0stCAtyqutgA=",
        "owner": "sini",
        "repo": "gen-prelude",
        "rev": "8c2879d4476b92e6b32b5ac090a608f2cfca4244",
        "type": "github"
      },
      "original": {
        "owner": "sini",
        "repo": "gen-prelude",
        "type": "github"
      }
    },
    "gen-prelude_3": {
      "locked": {
        "lastModified": 1790876123,
        "narHash": "sha256-6GsXeEFBysyDEkt/zRmzFoks27T8PYp0stCAtyqutgA=",
        "owner": "sini",
        "repo": "gen-prelude",
        "rev": "8c2879d4476b92e6b32b5ac090a608f2cfca4244",
        "type": "github"
      },
      "original": {
        "owner": "sini",
        "repo": "gen-prelude",
        "type": "github"
      }
    },
    "gen-prelude_4": {
      "locked": {
        "lastModified": 1790876123,
        "narHash": "sha256-6GsXeEFBysyDEkt/zRmzFoks27T8PYp0stCAtyqutgA=",
        "owner": "sini",
        "repo": "gen-prelude",
        "rev": "8c2879d4476b92e6b32b5ac090a608f2cfca4244",
        "type": "github"
      },
      "original": {
        "owner": "sini",
        "repo": "gen-prelude",
        "type": "github"
      }
    },
    "gen-prelude_5": {
      "locked": {
        "lastModified": 1790876123,
        "narHash": "sha256-6GsXeEFBysyDEkt/zRmzFoks27T8PYp0stCAtyqutgA=",
        "owner": "sini",
        "repo": "gen-prelude",
        "rev": "8c2879d4476b92e6b32b5ac090a608f2cfca4244",
        "type": "github"
      },
      "original": {
        "owner": "sini",
        "repo": "gen-prelude",
        "type": "github"
      }
    },
    "gen-prelude_6": {
      "locked": {
        "lastModified": 1790876123,
        "narHash": "sha256-6GsXeEFBysyDEkt/zRmzFoks27T8PYp0stCAtyqutgA=",
        "owner": "sini",
        "repo": "gen-prelude",
        "rev": "8c2879d4476b92e6b32b5ac090a608f2cfca4244",
        "type": "github"
      },
      "original": {
        "owner": "sini",
        "repo": "gen-prelude",
        "type": "github"
      }
    },
    "gen-prelude_7": {
      "locked": {
        "lastModified": 1790876123,
        "narHash": "sha256-6GsXeEFBysyDEkt/zRmzFoks27T8PYp0stCAtyqutgA=",
        "owner": "sini",
        "repo": "gen-prelude",
        "rev": "8c2879d4476b92e6b32b5ac090a608f2cfca4244",
        "type": "github"
      },
      "original": {
        "owner": "sini",
        "repo": "gen-prelude",
        "type": "github"
      }
    },
    "gen-scope": {
      "inputs": {
        "gen-graph": "gen-graph_3",
        "gen-identity": "gen-identity_2",
        "gen-prelude": "gen-prelude_5"
      },
      "locked": {
        "lastModified": 1790876294,
        "narHash": "sha256-Zc5TqjQOwR8e+rwjvum/SLWGrMPi0cNF5zPntLpz2Ow=",
        "owner": "sini",
        "repo": "gen-scope",
        "rev": "70c286a38aa77cc0b08ddb16b0691823947ab63a",
        "type": "github"
      },
      "original": {
        "owner": "sini",
        "repo": "gen-scope",
        "type": "github"
      }
    },
    "gen-types": {
      "inputs": {
        "gen-identity": "gen-identity_3",
        "gen-prelude": "gen-prelude_6"
      },
      "locked": {
        "lastModified": 1790876173,
        "narHash": "sha256-4b83Sjg+xkwu94QluvwqnaweUnuenZxvwvVtnhm5s3o=",
        "owner": "sini",
        "repo": "gen-types",
        "rev": "0602de5b0152c37365b0602919f0563da812cafd",
        "type": "github"
      },
      "original": {
        "owner": "sini",
        "repo": "gen-types",
        "type": "github"
      }
    },
    "root": {
      "inputs": {
        "gen-algebra": "gen-algebra",
        "gen-graph": "gen-graph",
        "gen-identity": "gen-identity",
        "gen-merge": "gen-merge",
        "gen-prelude": "gen-prelude_7"
      }
    }
  },
  "root": "root",
  "version": 7
}
