{
  "nodes": {
    "den-schema": {
      "inputs": {
        "gen": "gen",
        "nixpkgs": "nixpkgs"
      },
      "locked": {
        "dirtyRev": "d233ca618fe3e2cd0674a027d1f3e8f1e0965fcb-dirty",
        "dirtyShortRev": "d233ca6-dirty",
        "lastModified": 1778719748,
        "narHash": "sha256-N6huW6Uyei7E+h77yoZ+XvmDXj39XQRhPpooTZDSQ+Q=",
        "type": "git",
        "url": "file:///home/sini/Documents/repos/den-schema"
      },
      "original": {
        "owner": "denful",
        "repo": "den-schema",
        "type": "github"
      }
    },
    "gen": {
      "locked": {
        "lastModified": 1779298945,
        "narHash": "sha256-zAUTOrVhtMIY69QVTpSyj6/S/qdLzNf3CRmG8vWZh7c=",
        "owner": "sini",
        "repo": "gen",
        "rev": "193ca974e1b9488734a55cefd35dd155050f9062",
        "type": "github"
      },
      "original": {
        "owner": "sini",
        "repo": "gen",
        "type": "github"
      }
    },
    "gen_2": {
      "locked": {
        "lastModified": 1779298945,
        "narHash": "sha256-zAUTOrVhtMIY69QVTpSyj6/S/qdLzNf3CRmG8vWZh7c=",
        "ref": "refs/heads/main",
        "rev": "193ca974e1b9488734a55cefd35dd155050f9062",
        "revCount": 3,
        "type": "git",
        "url": "file:///home/sini/Documents/repos/gen"
      },
      "original": {
        "owner": "sini",
        "repo": "gen",
        "type": "github"
      }
    },
    "nix-github-actions": {
      "inputs": {
        "nixpkgs": [
          "nix-unit",
          "nixpkgs"
        ]
      },
      "locked": {
        "lastModified": 1737420293,
        "narHash": "sha256-F1G5ifvqTpJq7fdkT34e/Jy9VCyzd5XfJ9TO8fHhJWE=",
        "owner": "nix-community",
        "repo": "nix-github-actions",
        "rev": "f4158fa080ef4503c8f4c820967d946c2af31ec9",
        "type": "github"
      },
      "original": {
        "owner": "nix-community",
        "repo": "nix-github-actions",
        "type": "github"
      }
    },
    "nix-unit": {
      "inputs": {
        "nix-github-actions": "nix-github-actions",
        "nixpkgs": [
          "nixpkgs"
        ],
        "treefmt-nix": "treefmt-nix"
      },
      "locked": {
        "lastModified": 1778306706,
        "narHash": "sha256-68bQGOfejrJ6lqCk7IR4yfIFchSlAtN3diPc1imV+3k=",
        "owner": "nix-community",
        "repo": "nix-unit",
        "rev": "9317bef0ef5af9381902543e219a3c12d45cf5f6",
        "type": "github"
      },
      "original": {
        "owner": "nix-community",
        "repo": "nix-unit",
        "type": "github"
      }
    },
    "nixpkgs": {
      "locked": {
        "lastModified": 1778869304,
        "narHash": "sha256-30sZNZoA1cqF5JNO9fVX+wgiQYjB7HJqqJ4ztCDeBZE=",
        "owner": "NixOS",
        "repo": "nixpkgs",
        "rev": "d233902339c02a9c334e7e593de68855ad26c4cb",
        "type": "github"
      },
      "original": {
        "owner": "NixOS",
        "ref": "nixos-unstable",
        "repo": "nixpkgs",
        "type": "github"
      }
    },
    "nixpkgs_2": {
      "locked": {
        "lastModified": 1777954456,
        "narHash": "sha256-qeRNZKcA0igTdRVnBe6hyo49CqxME92s4G8Sr78ARJw=",
        "rev": "549bd84d6279f9852cae6225e372cc67fb91a4c1",
        "type": "tarball",
        "url": "https://releases.nixos.org/nixos/unstable/nixos-26.05pre992384.549bd84d6279/nixexprs.tar.xz?lastModified=1777954456&rev=549bd84d6279f9852cae6225e372cc67fb91a4c1"
      },
      "original": {
        "type": "tarball",
        "url": "https://channels.nixos.org/nixos-unstable/nixexprs.tar.xz"
      }
    },
    "root": {
      "inputs": {
        "den-schema": "den-schema",
        "gen": "gen_2",
        "nix-unit": "nix-unit",
        "nixpkgs": "nixpkgs_2"
      }
    },
    "treefmt-nix": {
      "inputs": {
        "nixpkgs": [
          "nix-unit",
          "nixpkgs"
        ]
      },
      "locked": {
        "lastModified": 1775636079,
        "narHash": "sha256-pc20NRoMdiar8oPQceQT47UUZMBTiMdUuWrYu2obUP0=",
        "owner": "numtide",
        "repo": "treefmt-nix",
        "rev": "790751ff7fd3801feeaf96d7dc416a8d581265ba",
        "type": "github"
      },
      "original": {
        "owner": "numtide",
        "repo": "treefmt-nix",
        "type": "github"
      }
    }
  },
  "root": "root",
  "version": 7
}
